version: 2.0
shards:
  arcana:
    git: https://github.com/trans/arcana.git
    version: 0.4.0

  jargon:
    git: https://github.com/trans/jargon.git
    version: 0.16.0

  markd:
    git: https://github.com/icyleaf/markd.git
    version: 0.5.0

  microgpt:
    git: https://github.com/trans/microgpt.git
    version: 0.2.0+git.commit.bdd8e82ec55e6bdfed713b5138b6672d32ccfcc7

